
Microsoft Visual Studio Solution File, Format Version 12.00
Project("{FAE04EC0-301F-11D3-BF4B-00C04F79EFBC}") = "Calculator.ConsoleHost", "Calculator.ConsoleHost\Calculator.ConsoleHost.csproj", "{E2A3829F-BECC-4226-93AD-D16B1C9D7661}"
EndProject
Project("{FAE04EC0-301F-11D3-BF4B-00C04F79EFBC}") = "Calculator.Base", "Calculator.Base\Calculator.Base.csproj", "{D7873226-9192-413F-8E73-7F0C9B6BA69A}"
EndProject
Project("{FAE04EC0-301F-11D3-BF4B-00C04F79EFBC}") = "Calculator.Core", "Calculator.Core\Calculator.Core.csproj", "{AF392600-A9E2-43B5-84EC-02469735398D}"
EndProject
Global
	GlobalSection(SolutionConfigurationPlatforms) = preSolution
		Debug|Any CPU = Debug|Any CPU
		Release|Any CPU = Release|Any CPU
	EndGlobalSection
	GlobalSection(ProjectConfigurationPlatforms) = postSolution
		{E2A3829F-BECC-4226-93AD-D16B1C9D7661}.Debug|Any CPU.ActiveCfg = Debug|Any CPU
		{E2A3829F-BECC-4226-93AD-D16B1C9D7661}.Debug|Any CPU.Build.0 = Debug|Any CPU
		{E2A3829F-BECC-4226-93AD-D16B1C9D7661}.Release|Any CPU.ActiveCfg = Release|Any CPU
		{E2A3829F-BECC-4226-93AD-D16B1C9D7661}.Release|Any CPU.Build.0 = Release|Any CPU
		{D7873226-9192-413F-8E73-7F0C9B6BA69A}.Debug|Any CPU.ActiveCfg = Debug|Any CPU
		{D7873226-9192-413F-8E73-7F0C9B6BA69A}.Debug|Any CPU.Build.0 = Debug|Any CPU
		{D7873226-9192-413F-8E73-7F0C9B6BA69A}.Release|Any CPU.ActiveCfg = Release|Any CPU
		{D7873226-9192-413F-8E73-7F0C9B6BA69A}.Release|Any CPU.Build.0 = Release|Any CPU
		{AF392600-A9E2-43B5-84EC-02469735398D}.Debug|Any CPU.ActiveCfg = Debug|Any CPU
		{AF392600-A9E2-43B5-84EC-02469735398D}.Debug|Any CPU.Build.0 = Debug|Any CPU
		{AF392600-A9E2-43B5-84EC-02469735398D}.Release|Any CPU.ActiveCfg = Release|Any CPU
		{AF392600-A9E2-43B5-84EC-02469735398D}.Release|Any CPU.Build.0 = Release|Any CPU
	EndGlobalSection
EndGlobal
